
Microsoft Visual Studio Solution File, Format Version 12.00
# Visual Studio Version 17
VisualStudioVersion = 17.6.33723.286
MinimumVisualStudioVersion = 10.0.40219.1
Project("{54A90642-561A-4BB1-A94E-469ADEE60C69}") = "brokercrmadmin", "brokercrmadmin.esproj", "{A051ACC1-2EDB-4C2E-A735-0BB60F9B3C7D}"
EndProject
Global
	GlobalSection(SolutionConfigurationPlatforms) = preSolution
		Debug|Any CPU = Debug|Any CPU
		Release|Any CPU = Release|Any CPU
	EndGlobalSection
	GlobalSection(ProjectConfigurationPlatforms) = postSolution
		{A051ACC1-2EDB-4C2E-A735-0BB60F9B3C7D}.Debug|Any CPU.ActiveCfg = Debug|Any CPU
		{A051ACC1-2EDB-4C2E-A735-0BB60F9B3C7D}.Debug|Any CPU.Build.0 = Debug|Any CPU
		{A051ACC1-2EDB-4C2E-A735-0BB60F9B3C7D}.Debug|Any CPU.Deploy.0 = Debug|Any CPU
		{A051ACC1-2EDB-4C2E-A735-0BB60F9B3C7D}.Release|Any CPU.ActiveCfg = Release|Any CPU
		{A051ACC1-2EDB-4C2E-A735-0BB60F9B3C7D}.Release|Any CPU.Build.0 = Release|Any CPU
		{A051ACC1-2EDB-4C2E-A735-0BB60F9B3C7D}.Release|Any CPU.Deploy.0 = Release|Any CPU
	EndGlobalSection
	GlobalSection(SolutionProperties) = preSolution
		HideSolutionNode = FALSE
	EndGlobalSection
	GlobalSection(ExtensibilityGlobals) = postSolution
		SolutionGuid = {E350B091-21CF-4F1B-82CA-24EC3689555A}
	EndGlobalSection
EndGlobal
